
Microsoft Visual Studio Solution File, Format Version 12.00
# Visual Studio 14
VisualStudioVersion = 14.0.25123.0
MinimumVisualStudioVersion = 10.0.40219.1
Project("{FAE04EC0-301F-11D3-BF4B-00C04F79EFBC}") = "CIS_ng", "CIS_ng\CIS_ng.csproj", "{350C02DC-8B10-4847-9644-566859DB40E2}"
EndProject
Project("{FAE04EC0-301F-11D3-BF4B-00C04F79EFBC}") = "CIS_ng.Tests", "CIS_ng.Tests\CIS_ng.Tests.csproj", "{99368238-CC37-4C09-84F3-A976772C8CB6}"
EndProject
Global
	GlobalSection(SolutionConfigurationPlatforms) = preSolution
		Debug|Any CPU = Debug|Any CPU
		Release|Any CPU = Release|Any CPU
	EndGlobalSection
	GlobalSection(ProjectConfigurationPlatforms) = postSolution
		{350C02DC-8B10-4847-9644-566859DB40E2}.Debug|Any CPU.ActiveCfg = Debug|Any CPU
		{350C02DC-8B10-4847-9644-566859DB40E2}.Debug|Any CPU.Build.0 = Debug|Any CPU
		{350C02DC-8B10-4847-9644-566859DB40E2}.Release|Any CPU.ActiveCfg = Release|Any CPU
		{350C02DC-8B10-4847-9644-566859DB40E2}.Release|Any CPU.Build.0 = Release|Any CPU
		{99368238-CC37-4C09-84F3-A976772C8CB6}.Debug|Any CPU.ActiveCfg = Debug|Any CPU
		{99368238-CC37-4C09-84F3-A976772C8CB6}.Debug|Any CPU.Build.0 = Debug|Any CPU
		{99368238-CC37-4C09-84F3-A976772C8CB6}.Release|Any CPU.ActiveCfg = Release|Any CPU
		{99368238-CC37-4C09-84F3-A976772C8CB6}.Release|Any CPU.Build.0 = Release|Any CPU
	EndGlobalSection
	GlobalSection(SolutionProperties) = preSolution
		HideSolutionNode = FALSE
	EndGlobalSection
EndGlobal
